
Microsoft Visual Studio Solution File, Format Version 12.00
# Visual Studio Version 16
VisualStudioVersion = 16.0.32106.194
MinimumVisualStudioVersion = 10.0.40219.1
Project("{FAE04EC0-301F-11D3-BF4B-00C04F79EFBC}") = "ImportacaoLista", "ImportacaoLista\ImportacaoLista.csproj", "{7D0471E6-39A6-4DA0-8A7A-B9BA6D4C6ACB}"
EndProject
Global
	GlobalSection(SolutionConfigurationPlatforms) = preSolution
		Debug|Any CPU = Debug|Any CPU
		Release|Any CPU = Release|Any CPU
	EndGlobalSection
	GlobalSection(ProjectConfigurationPlatforms) = postSolution
		{7D0471E6-39A6-4DA0-8A7A-B9BA6D4C6ACB}.Debug|Any CPU.ActiveCfg = Debug|Any CPU
		{7D0471E6-39A6-4DA0-8A7A-B9BA6D4C6ACB}.Debug|Any CPU.Build.0 = Debug|Any CPU
		{7D0471E6-39A6-4DA0-8A7A-B9BA6D4C6ACB}.Release|Any CPU.ActiveCfg = Release|Any CPU
		{7D0471E6-39A6-4DA0-8A7A-B9BA6D4C6ACB}.Release|Any CPU.Build.0 = Release|Any CPU
	EndGlobalSection
	GlobalSection(SolutionProperties) = preSolution
		HideSolutionNode = FALSE
	EndGlobalSection
	GlobalSection(ExtensibilityGlobals) = postSolution
		SolutionGuid = {28BD1941-E92E-4E28-9FBB-CB30EBF64405}
	EndGlobalSection
EndGlobal
